
Microsoft Visual Studio Solution File, Format Version 12.00
# Visual Studio Version 17
VisualStudioVersion = 17.6.33723.286
MinimumVisualStudioVersion = 10.0.40219.1
Project("{FAE04EC0-301F-11D3-BF4B-00C04F79EFBC}") = "UR1-Anthony-Gabrail", "UR1-Anthony-Gabrail.csproj", "{9A6792BC-C7C7-457C-8E90-AD25DABCAFD3}"
EndProject
Global
	GlobalSection(SolutionConfigurationPlatforms) = preSolution
		Debug|Any CPU = Debug|Any CPU
		Release|Any CPU = Release|Any CPU
	EndGlobalSection
	GlobalSection(ProjectConfigurationPlatforms) = postSolution
		{9A6792BC-C7C7-457C-8E90-AD25DABCAFD3}.Debug|Any CPU.ActiveCfg = Debug|Any CPU
		{9A6792BC-C7C7-457C-8E90-AD25DABCAFD3}.Debug|Any CPU.Build.0 = Debug|Any CPU
		{9A6792BC-C7C7-457C-8E90-AD25DABCAFD3}.Release|Any CPU.ActiveCfg = Release|Any CPU
		{9A6792BC-C7C7-457C-8E90-AD25DABCAFD3}.Release|Any CPU.Build.0 = Release|Any CPU
	EndGlobalSection
	GlobalSection(SolutionProperties) = preSolution
		HideSolutionNode = FALSE
	EndGlobalSection
	GlobalSection(ExtensibilityGlobals) = postSolution
		SolutionGuid = {B19C1BCF-48A7-4405-9840-26F18EC1FE12}
	EndGlobalSection
EndGlobal
